version = 1
revision = 3
requires-python = "==3.13.*"

[[package]]
name = "ajsonrpc"
version = "1.2.0"
source = { registry = "https://pypi.org/simple" }
sdist = { url = "https://files.pythonhosted.org/packages/da/5c/95a9b83195d37620028421e00d69d598aafaa181d3e55caec485468838e1/ajsonrpc-1.2.0.tar.gz", hash = "sha256:791bac18f0bf0dee109194644f151cf8b7ff529c4b8d6239ac48104a3251a19f", size = 22108, upload-time = "2021-07-21T20:41:47.376Z" }
wheels = [
    { url = "https://files.pythonhosted.org/packages/cf/6f/6abff7fe6813e6f94129a50c8c70bf70fb33ed2515b1037e703cef6d7a7e/ajsonrpc-1.2.0-py3-none-any.whl", hash = "sha256:0fa2c1cf8e619d18ffee96043822032d6520eda65d3b712f9540a3a63e9cac25", size = 22753, upload-time = "2021-07-21T20:41:46.245Z" },
]

[[package]]
name = "anyio"
version = "4.13.0"
source = { registry = "https://pypi.org/simple" }
dependencies = [
    { name = "idna" },
]
sdist = { url = "https://files.pythonhosted.org/packages/19/14/2c5dd9f512b66549ae92767a9c7b330ae88e1932ca57876909410251fe13/anyio-4.13.0.tar.gz", hash = "sha256:334b70e641fd2221c1505b3890c69882fe4a2df910cba14d97019b90b24439dc", size = 231622, upload-time = "2026-03-24T12:59:09.671Z" }
wheels = [
    { url = "https://files.pythonhosted.org/packages/da/42/e921fccf5015463e32a3cf6ee7f980a6ed0f395ceeaa45060b61d86486c2/anyio-4.13.0-py3-none-any.whl", hash = "sha256:08b310f9e24a9594186fd75b4f73f4a4152069e3853f1ed8bfbf58369f4ad708", size = 114353, upload-time = "2026-03-24T12:59:08.246Z" },
]

[[package]]
name = "bitarray"
version = "3.8.1"
source = { registry = "https://pypi.org/simple" }
sdist = { url = "https://files.pythonhosted.org/packages/fc/47/b5da717e7bbe97a6dc4c986f053ca55fd3276078d78f68f9e8b417d1425a/bitarray-3.8.1.tar.gz", hash = "sha256:f90bb3c680804ec9630bcf8c0965e54b4de84d33b17d7da57c87c30f0c64c6f5", size = 152471, upload-time = "2026-04-02T16:29:01.712Z" }
wheels = [
    { url = "https://files.pythonhosted.org/packages/13/79/015a30f40f716a0372907a7ac5c399db5428209dcf264b85ef1305f9b3e2/bitarray-3.8.1-cp313-cp313-macosx_10_13_x86_64.whl", hash = "sha256:55f4b105a1686eb486069a9e578d502d1998e890d8144012225de9e0450aeabd", size = 149201, upload-time = "2026-04-02T16:27:15.383Z" },
    { url = "https://files.pythonhosted.org/packages/23/fe/f70b150ea9a330daecc546a5a63576ba2d6b3bacc1ccde42abc9dd35a1ad/bitarray-3.8.1-cp313-cp313-macosx_11_0_arm64.whl", hash = "sha256:b3118ec012a799456f7fca6cc002c078590578b7640fbaab52d8ecb9a651f1c1", size = 146001, upload-time = "2026-04-02T16:27:17.041Z" },
    { url = "https://files.pythonhosted.org/packages/78/49/2c637658851ea0408c7375f5f278c0ebb69cbe861f8fcc9477db14ee7fa2/bitarray-3.8.1-cp313-cp313-manylinux2014_aarch64.manylinux_2_17_aarch64.manylinux_2_28_aarch64.whl", hash = "sha256:2762db8049b230520358ac742cbc57bceaacebe34e5d25c096f2b4bc3887a3a8", size = 335162, upload-time = "2026-04-02T16:27:18.587Z" },
    { url = "https://files.pythonhosted.org/packages/d3/3c/ae665a0b2d6183cc706c03b683b7f9ad53195731379ab82dfa537e73f70f/bitarray-3.8.1-cp313-cp313-manylinux2014_ppc64le.manylinux_2_17_ppc64le.manylinux_2_28_ppc64le.whl", hash = "sha256:5b67b869f860eb19055e2560844d8c7d0935245938935bdb764b3e683e2014e2", size = 363031, upload-time = "2026-04-02T16:27:19.98Z" },
    { url = "https://files.pythonhosted.org/packages/2a/ee/7b7c37fbb15209525f0daff1a51a042c035e931ebd526aabb483fdc7a476/bitarray-3.8.1-cp313-cp313-manylinux2014_s390x.manylinux_2_17_s390x.manylinux_2_28_s390x.whl", hash = "sha256:0a661f3492462e7adf8a054fb7414a22fc8251f1e18b9d8cbcf008d2dc85f012", size = 374623, upload-time = "2026-04-02T16:27:21.468Z" },
    { url = "https://files.pythonhosted.org/packages/96/dd/26a17534742561974e5b2a3448d70fd8d370ed885bd88bbbb36bdd022875/bitarray-3.8.1-cp313-cp313-manylinux2014_x86_64.manylinux_2_17_x86_64.manylinux_2_28_x86_64.whl", hash = "sha256:300e3026d17ae3328320ba78d3165bdb1c43d0dfdbc461a69ebbdc005d9ce0b3", size = 342850, upload-time = "2026-04-02T16:27:22.814Z" },
    { url = "https://files.pythonhosted.org/packages/58/f1/97410e88a8b441c1a6e5841c651e483787c3c87f2b98c1d2421aee23790d/bitarray-3.8.1-cp313-cp313-musllinux_1_2_aarch64.whl", hash = "sha256:ad5a71c1ef4a2e404c2c888db09226c821d9d14eff8813e1da873572f5fbb89d", size = 333109, upload-time = "2026-04-02T16:27:24.271Z" },
    { url = "https://files.pythonhosted.org/packages/64/1a/74a3af2d314ec6a035ae8f139491ace4fc8b3362bfdc86aee652b8f15be5/bitarray-3.8.1-cp313-cp313-musllinux_1_2_ppc64le.whl", hash = "sha256:78cbda57a2808d994517b53571eaa2d9299359f63aa71cf4bc94210169aad8b1", size = 360334, upload-time = "2026-04-02T16:27:25.999Z" },
    { url = "https://files.pythonhosted.org/packages/d8/86/01ea58ca9795401489f9de662ef9ba759d6712870696a5806441b2c14224/bitarray-3.8.1-cp313-cp313-musllinux_1_2_s390x.whl", hash = "sha256:89c7c125a0913d71ba9cc1fa8e14c7cfe1517b1c1f45416e1f9babcedd3b545d", size = 358674, upload-time = "2026-04-02T16:27:27.597Z" },
    { url = "https://files.pythonhosted.org/packages/68/c9/14587fd3c712047af60a875889ad69926386c3fdbf8061e9baf23d12d997/bitarray-3.8.1-cp313-cp313-musllinux_1_2_x86_64.whl", hash = "sha256:7875abfd90f2ae3aa22d50f3fa1c93bbae456458cc73d3179b838f07bed1fc10", size = 339689, upload-time = "2026-04-02T16:27:29.14Z" },
    { url = "https://files.pythonhosted.org/packages/5b/82/a8cc5172dba50c90d7cc89d9f5c1cfb99deb77af10b4762eb75ece52e20a/bitarray-3.8.1-cp313-cp313-win32.whl", hash = "sha256:21add0aa968496a2bd8341d85720d09808e22e0adc7dbefc1e0f8f67c4b83f36", size = 143503, upload-time = "2026-04-02T16:27:30.948Z" },
    { url = "https://files.pythonhosted.org/packages/7f/b2/f647dcd098c275a67b89d21c92471180996a797cec11e308b4d1936d170d/bitarray-3.8.1-cp313-cp313-win_amd64.whl", hash = "sha256:40d1b57012bf9b4fefd25345aaa95aab3ca510cc693f33c2cb02a4b771d8e51a", size = 150441, upload-time = "2026-04-02T16:27:32.642Z" },
    { url = "https://files.pythonhosted.org/packages/ba/78/bde39d566f70149c6858c7e61c0a0d902a643a136a56dd37b6135cc59a68/bitarray-3.8.1-cp313-cp313-win_arm64.whl", hash = "sha256:72b32d8c471930c95d49640ec99f7694f9b040ca1342ff03ed69d3aea90f9339", size = 147209, upload-time = "2026-04-02T16:27:34.289Z" },
]

[[package]]
name = "bitstring"
version = "4.4.0"
source = { registry = "https://pypi.org/simple" }
dependencies = [
    { name = "bitarray" },
    { name = "tibs" },
]
sdist = { url = "https://files.pythonhosted.org/packages/36/d3/de6fe4e7065df8c2f1ac1766f5fdccbe75bc18af2cf2dbeecd34d68e1518/bitstring-4.4.0.tar.gz", hash = "sha256:e682ac522bb63e041d16cbc9d0ca86a4f00194db16d0847c7efe066f836b2e37", size = 255209, upload-time = "2026-03-10T20:29:14.824Z" }
wheels = [
    { url = "https://files.pythonhosted.org/packages/bf/02/1a870bab76f2896d827aa4963be95e56675ffa1453e53525d13c43036edf/bitstring-4.4.0-py3-none-any.whl", hash = "sha256:feac49524fcf3ef27e6081e86f02b10d2adf6c3773bf22fbe0e7eea9534bc737", size = 76846, upload-time = "2026-03-10T20:29:12.832Z" },
]

[[package]]
name = "bottle"
version = "0.13.4"
source = { registry = "https://pypi.org/simple" }
sdist = { url = "https://files.pythonhosted.org/packages/7a/71/cca6167c06d00c81375fd668719df245864076d284f7cb46a694cbeb5454/bottle-0.13.4.tar.gz", hash = "sha256:787e78327e12b227938de02248333d788cfe45987edca735f8f88e03472c3f47", size = 98717, upload-time = "2025-06-15T10:08:59.439Z" }
wheels = [
    { url = "https://files.pythonhosted.org/packages/83/f6/b55ec74cfe68c6584163faa311503c20b0da4c09883a41e8e00d6726c954/bottle-0.13.4-py2.py3-none-any.whl", hash = "sha256:045684fbd2764eac9cdeb824861d1551d113e8b683d8d26e296898d3dd99a12e", size = 103807, upload-time = "2025-06-15T10:08:57.691Z" },
]

[[package]]
name = "certifi"
version = "2026.5.20"
source = { registry = "https://pypi.org/simple" }
sdist = { url = "https://files.pythonhosted.org/packages/f3/ce/ee2ecad540810a79593028e88299baeae54d346cc7a0d94b6199988b89b1/certifi-2026.5.20.tar.gz", hash = "sha256:69dea482ab64caa7b9f6aba1c6bf48bb6a5448d1c0f1b17ab42ad8c763a5344d", size = 135422, upload-time = "2026-05-20T11:46:50.073Z" }
wheels = [
    { url = "https://files.pythonhosted.org/packages/59/8c/57e832b7af6d7c5abe66eb3fbe3a3a32f4d11ea23a1aa7131371035be991/certifi-2026.5.20-py3-none-any.whl", hash = "sha256:3c52e209ba0a4ad7aebe60436a4ab349c39e1e602e8c134221e546902ad25897", size = 134134, upload-time = "2026-05-20T11:46:48.578Z" },
]

[[package]]
name = "cffi"
version = "2.0.0"
source = { registry = "https://pypi.org/simple" }
dependencies = [
    { name = "pycparser", marker = "implementation_name != 'PyPy'" },
]
sdist = { url = "https://files.pythonhosted.org/packages/eb/56/b1ba7935a17738ae8453301356628e8147c79dbb825bcbc73dc7401f9846/cffi-2.0.0.tar.gz", hash = "sha256:44d1b5909021139fe36001ae048dbdde8214afa20200eda0f64c068cac5d5529", size = 523588, upload-time = "2025-09-08T23:24:04.541Z" }
wheels = [
    { url = "https://files.pythonhosted.org/packages/4b/8d/a0a47a0c9e413a658623d014e91e74a50cdd2c423f7ccfd44086ef767f90/cffi-2.0.0-cp313-cp313-macosx_10_13_x86_64.whl", hash = "sha256:00bdf7acc5f795150faa6957054fbbca2439db2f775ce831222b66f192f03beb", size = 185230, upload-time = "2025-09-08T23:23:00.879Z" },
    { url = "https://files.pythonhosted.org/packages/4a/d2/a6c0296814556c68ee32009d9c2ad4f85f2707cdecfd7727951ec228005d/cffi-2.0.0-cp313-cp313-macosx_11_0_arm64.whl", hash = "sha256:45d5e886156860dc35862657e1494b9bae8dfa63bf56796f2fb56e1679fc0bca", size = 181043, upload-time = "2025-09-08T23:23:02.231Z" },
    { url = "https://files.pythonhosted.org/packages/b0/1e/d22cc63332bd59b06481ceaac49d6c507598642e2230f201649058a7e704/cffi-2.0.0-cp313-cp313-manylinux1_i686.manylinux2014_i686.manylinux_2_17_i686.manylinux_2_5_i686.whl", hash = "sha256:07b271772c100085dd28b74fa0cd81c8fb1a3ba18b21e03d7c27f3436a10606b", size = 212446, upload-time = "2025-09-08T23:23:03.472Z" },
    { url = "https://files.pythonhosted.org/packages/a9/f5/a2c23eb03b61a0b8747f211eb716446c826ad66818ddc7810cc2cc19b3f2/cffi-2.0.0-cp313-cp313-manylinux2014_aarch64.manylinux_2_17_aarch64.whl", hash = "sha256:d48a880098c96020b02d5a1f7d9251308510ce8858940e6fa99ece33f610838b", size = 220101, upload-time = "2025-09-08T23:23:04.792Z" },
    { url = "https://files.pythonhosted.org/packages/f2/7f/e6647792fc5850d634695bc0e6ab4111ae88e89981d35ac269956605feba/cffi-2.0.0-cp313-cp313-manylinux2014_ppc64le.manylinux_2_17_ppc64le.whl", hash = "sha256:f93fd8e5c8c0a4aa1f424d6173f14a892044054871c771f8566e4008eaa359d2", size = 207948, upload-time = "2025-09-08T23:23:06.127Z" },
    { url = "https://files.pythonhosted.org/packages/cb/1e/a5a1bd6f1fb30f22573f76533de12a00bf274abcdc55c8edab639078abb6/cffi-2.0.0-cp313-cp313-manylinux2014_s390x.manylinux_2_17_s390x.whl", hash = "sha256:dd4f05f54a52fb558f1ba9f528228066954fee3ebe629fc1660d874d040ae5a3", size = 206422, upload-time = "2025-09-08T23:23:07.753Z" },
    { url = "https://files.pythonhosted.org/packages/98/df/0a1755e750013a2081e863e7cd37e0cdd02664372c754e5560099eb7aa44/cffi-2.0.0-cp313-cp313-manylinux2014_x86_64.manylinux_2_17_x86_64.whl", hash = "sha256:c8d3b5532fc71b7a77c09192b4a5a200ea992702734a2e9279a37f2478236f26", size = 219499, upload-time = "2025-09-08T23:23:09.648Z" },
    { url = "https://files.pythonhosted.org/packages/50/e1/a969e687fcf9ea58e6e2a928ad5e2dd88cc12f6f0ab477e9971f2309b57c/cffi-2.0.0-cp313-cp313-musllinux_1_2_aarch64.whl", hash = "sha256:d9b29c1f0ae438d5ee9acb31cadee00a58c46cc9c0b2f9038c6b0b3470877a8c", size = 222928, upload-time = "2025-09-08T23:23:10.928Z" },
    { url = "https://files.pythonhosted.org/packages/36/54/0362578dd2c9e557a28ac77698ed67323ed5b9775ca9d3fe73fe191bb5d8/cffi-2.0.0-cp313-cp313-musllinux_1_2_x86_64.whl", hash = "sha256:6d50360be4546678fc1b79ffe7a66265e28667840010348dd69a314145807a1b", size = 221302, upload-time = "2025-09-08T23:23:12.42Z" },
    { url = "https://files.pythonhosted.org/packages/eb/6d/bf9bda840d5f1dfdbf0feca87fbdb64a918a69bca42cfa0ba7b137c48cb8/cffi-2.0.0-cp313-cp313-win32.whl", hash = "sha256:74a03b9698e198d47562765773b4a8309919089150a0bb17d829ad7b44b60d27", size = 172909, upload-time = "2025-09-08T23:23:14.32Z" },
    { url = "https://files.pythonhosted.org/packages/37/18/6519e1ee6f5a1e579e04b9ddb6f1676c17368a7aba48299c3759bbc3c8b3/cffi-2.0.0-cp313-cp313-win_amd64.whl", hash = "sha256:19f705ada2530c1167abacb171925dd886168931e0a7b78f5bffcae5c6b5be75", size = 183402, upload-time = "2025-09-08T23:23:15.535Z" },
    { url = "https://files.pythonhosted.org/packages/cb/0e/02ceeec9a7d6ee63bb596121c2c8e9b3a9e150936f4fbef6ca1943e6137c/cffi-2.0.0-cp313-cp313-win_arm64.whl", hash = "sha256:256f80b80ca3853f90c21b23ee78cd008713787b1b1e93eae9f3d6a7134abd91", size = 177780, upload-time = "2025-09-08T23:23:16.761Z" },
]

[[package]]
name = "chardet"
version = "5.2.0"
source = { registry = "https://pypi.org/simple" }
sdist = { url = "https://files.pythonhosted.org/packages/f3/0d/f7b6ab21ec75897ed80c17d79b15951a719226b9fababf1e40ea74d69079/chardet-5.2.0.tar.gz", hash = "sha256:1b3b6ff479a8c414bc3fa2c0852995695c4a026dcd6d0633b2dd092ca39c1cf7", size = 2069618, upload-time = "2023-08-01T19:23:02.662Z" }
wheels = [
    { url = "https://files.pythonhosted.org/packages/38/6f/f5fbc992a329ee4e0f288c1fe0e2ad9485ed064cac731ed2fe47dcc38cbf/chardet-5.2.0-py3-none-any.whl", hash = "sha256:e1cf59446890a00105fe7b7912492ea04b6e6f06d4b742b2c788469e34c82970", size = 199385, upload-time = "2023-08-01T19:23:00.661Z" },
]

[[package]]
name = "charset-normalizer"
version = "3.4.7"
source = { registry = "https://pypi.org/simple" }
sdist = { url = "https://files.pythonhosted.org/packages/e7/a1/67fe25fac3c7642725500a3f6cfe5821ad557c3abb11c9d20d12c7008d3e/charset_normalizer-3.4.7.tar.gz", hash = "sha256:ae89db9e5f98a11a4bf50407d4363e7b09b31e55bc117b4f7d80aab97ba009e5", size = 144271, upload-time = "2026-04-02T09:28:39.342Z" }
wheels = [
    { url = "https://files.pythonhosted.org/packages/c1/3b/66777e39d3ae1ddc77ee606be4ec6d8cbd4c801f65e5a1b6f2b11b8346dd/charset_normalizer-3.4.7-cp313-cp313-macosx_10_13_universal2.whl", hash = "sha256:f496c9c3cc02230093d8330875c4c3cdfc3b73612a5fd921c65d39cbcef08063", size = 309627, upload-time = "2026-04-02T09:26:45.198Z" },
    { url = "https://files.pythonhosted.org/packages/2e/4e/b7f84e617b4854ade48a1b7915c8ccfadeba444d2a18c291f696e37f0d3b/charset_normalizer-3.4.7-cp313-cp313-manylinux2014_aarch64.manylinux_2_17_aarch64.manylinux_2_28_aarch64.whl", hash = "sha256:0ea948db76d31190bf08bd371623927ee1339d5f2a0b4b1b4a4439a65298703c", size = 207008, upload-time = "2026-04-02T09:26:46.824Z" },
    { url = "https://files.pythonhosted.org/packages/c4/bb/ec73c0257c9e11b268f018f068f5d00aa0ef8c8b09f7753ebd5f2880e248/charset_normalizer-3.4.7-cp313-cp313-manylinux2014_ppc64le.manylinux_2_17_ppc64le.manylinux_2_28_ppc64le.whl", hash = "sha256:a277ab8928b9f299723bc1a2dabb1265911b1a76341f90a510368ca44ad9ab66", size = 228303, upload-time = "2026-04-02T09:26:48.397Z" },
    { url = "https://files.pythonhosted.org/packages/85/fb/32d1f5033484494619f701e719429c69b766bfc4dbc61aa9e9c8c166528b/charset_normalizer-3.4.7-cp313-cp313-manylinux2014_s390x.manylinux_2_17_s390x.manylinux_2_28_s390x.whl", hash = "sha256:3bec022aec2c514d9cf199522a802bd007cd588ab17ab2525f20f9c34d067c18", size = 224282, upload-time = "2026-04-02T09:26:49.684Z" },
    { url = "https://files.pythonhosted.org/packages/fa/07/330e3a0dda4c404d6da83b327270906e9654a24f6c546dc886a0eb0ffb23/charset_normalizer-3.4.7-cp313-cp313-manylinux2014_x86_64.manylinux_2_17_x86_64.manylinux_2_28_x86_64.whl", hash = "sha256:e044c39e41b92c845bc815e5ae4230804e8e7bc29e399b0437d64222d92809dd", size = 215595, upload-time = "2026-04-02T09:26:50.915Z" },
    { url = "https://files.pythonhosted.org/packages/e3/7c/fc890655786e423f02556e0216d4b8c6bcb6bdfa890160dc66bf52dee468/charset_normalizer-3.4.7-cp313-cp313-manylinux_2_31_armv7l.whl", hash = "sha256:f495a1652cf3fbab2eb0639776dad966c2fb874d79d87ca07f9d5f059b8bd215", size = 201986, upload-time = "2026-04-02T09:26:52.197Z" },
    { url = "https://files.pythonhosted.org/packages/d8/97/bfb18b3db2aed3b90cf54dc292ad79fdd5ad65c4eae454099475cbeadd0d/charset_normalizer-3.4.7-cp313-cp313-manylinux_2_31_riscv64.manylinux_2_39_riscv64.whl", hash = "sha256:e712b419df8ba5e42b226c510472b37bd57b38e897d3eca5e8cfd410a29fa859", size = 211711, upload-time = "2026-04-02T09:26:53.49Z" },
    { url = "https://files.pythonhosted.org/packages/6f/a5/a581c13798546a7fd557c82614a5c65a13df2157e9ad6373166d2a3e645d/charset_normalizer-3.4.7-cp313-cp313-musllinux_1_2_aarch64.whl", hash = "sha256:7804338df6fcc08105c7745f1502ba68d900f45fd770d5bdd5288ddccb8a42d8", size = 210036, upload-time = "2026-04-02T09:26:54.975Z" },
    { url = "https://files.pythonhosted.org/packages/8c/bf/b3ab5bcb478e4193d517644b0fb2bf5497fbceeaa7a1bc0f4d5b50953861/charset_normalizer-3.4.7-cp313-cp313-musllinux_1_2_armv7l.whl", hash = "sha256:481551899c856c704d58119b5025793fa6730adda3571971af568f66d2424bb5", size = 202998, upload-time = "2026-04-02T09:26:56.303Z" },
    { url = "https://files.pythonhosted.org/packages/e7/4e/23efd79b65d314fa320ec6017b4b5834d5c12a58ba4610aa353af2e2f577/charset_normalizer-3.4.7-cp313-cp313-musllinux_1_2_ppc64le.whl", hash = "sha256:f59099f9b66f0d7145115e6f80dd8b1d847176df89b234a5a6b3f00437aa0832", size = 230056, upload-time = "2026-04-02T09:26:57.554Z" },
    { url = "https://files.pythonhosted.org/packages/b9/9f/1e1941bc3f0e01df116e68dc37a55c4d249df5e6fa77f008841aef68264f/charset_normalizer-3.4.7-cp313-cp313-musllinux_1_2_riscv64.whl", hash = "sha256:f59ad4c0e8f6bba240a9bb85504faa1ab438237199d4cce5f622761507b8f6a6", size = 211537, upload-time = "2026-04-02T09:26:58.843Z" },
    { url = "https://files.pythonhosted.org/packages/80/0f/088cbb3020d44428964a6c97fe1edfb1b9550396bf6d278330281e8b709c/charset_normalizer-3.4.7-cp313-cp313-musllinux_1_2_s390x.whl", hash = "sha256:3dedcc22d73ec993f42055eff4fcfed9318d1eeb9a6606c55892a26964964e48", size = 226176, upload-time = "2026-04-02T09:27:00.437Z" },
    { url = "https://files.pythonhosted.org/packages/6a/9f/130394f9bbe06f4f63e22641d32fc9b202b7e251c9aef4db044324dac493/charset_normalizer-3.4.7-cp313-cp313-musllinux_1_2_x86_64.whl", hash = "sha256:64f02c6841d7d83f832cd97ccf8eb8a906d06eb95d5276069175c696b024b60a", size = 217723, upload-time = "2026-04-02T09:27:02.021Z" },
    { url = "https://files.pythonhosted.org/packages/73/55/c469897448a06e49f8fa03f6caae97074fde823f432a98f979cc42b90e69/charset_normalizer-3.4.7-cp313-cp313-win32.whl", hash = "sha256:4042d5c8f957e15221d423ba781e85d553722fc4113f523f2feb7b188cc34c5e", size = 148085, upload-time = "2026-04-02T09:27:03.192Z" },
    { url = "https://files.pythonhosted.org/packages/5d/78/1b74c5bbb3f99b77a1715c91b3e0b5bdb6fe302d95ace4f5b1bec37b0167/charset_normalizer-3.4.7-cp313-cp313-win_amd64.whl", hash = "sha256:3946fa46a0cf3e4c8cb1cc52f56bb536310d34f25f01ca9b6c16afa767dab110", size = 158819, upload-time = "2026-04-02T09:27:04.454Z" },
    { url = "https://files.pythonhosted.org/packages/68/86/46bd42279d323deb8687c4a5a811fd548cb7d1de10cf6535d099877a9a9f/charset_normalizer-3.4.7-cp313-cp313-win_arm64.whl", hash = "sha256:80d04837f55fc81da168b98de4f4b797ef007fc8a79ab71c6ec9bc4dd662b15b", size = 147915, upload-time = "2026-04-02T09:27:05.971Z" },
    { url = "https://files.pythonhosted.org/packages/db/8f/61959034484a4a7c527811f4721e75d02d653a35afb0b6054474d8185d4c/charset_normalizer-3.4.7-py3-none-any.whl", hash = "sha256:3dce51d0f5e7951f8bb4900c257dad282f49190fdbebecd4ba99bcc41fef404d", size = 61958, upload-time = "2026-04-02T09:28:37.794Z" },
]

[[package]]
name = "click"
version = "8.3.3"
source = { registry = "https://pypi.org/simple" }
dependencies = [
    { name = "colorama", marker = "sys_platform == 'win32'" },
]
sdist = { url = "https://files.pythonhosted.org/packages/bb/63/f9e1ea081ce35720d8b92acde70daaedace594dc93b693c869e0d5910718/click-8.3.3.tar.gz", hash = "sha256:398329ad4837b2ff7cbe1dd166a4c0f8900c3ca3a218de04466f38f6497f18a2", size = 328061, upload-time = "2026-04-22T15:11:27.506Z" }
wheels = [
    { url = "https://files.pythonhosted.org/packages/ae/44/c1221527f6a71a01ec6fbad7fa78f1d50dfa02217385cf0fa3eec7087d59/click-8.3.3-py3-none-any.whl", hash = "sha256:a2bf429bb3033c89fa4936ffb35d5cb471e3719e1f3c8a7c3fff0b8314305613", size = 110502, upload-time = "2026-04-22T15:11:25.044Z" },
]

[[package]]
name = "colorama"
version = "0.4.6"
source = { registry = "https://pypi.org/simple" }
sdist = { url = "https://files.pythonhosted.org/packages/d8/53/6f443c9a4a8358a93a6792e2acffb9d9d5cb0a5cfd8802644b7b1c9a02e4/colorama-0.4.6.tar.gz", hash = "sha256:08695f5cb7ed6e0531a20572697297273c47b8cae5a63ffc6d6ed5c201be6e44", size = 27697, upload-time = "2022-10-25T02:36:22.414Z" }
wheels = [
    { url = "https://files.pythonhosted.org/packages/d1/d6/3965ed04c63042e047cb6a3e6ed1a63a35087b6a609aa3a15ed8ac56c221/colorama-0.4.6-py2.py3-none-any.whl", hash = "sha256:4f1d9991f5acc0ca119f9d443620b77f9d6b33703e51011c16baf57afb285fc6", size = 25335, upload-time = "2022-10-25T02:36:20.889Z" },
]

[[package]]
name = "cryptography"
version = "48.0.0"
source = { registry = "https://pypi.org/simple" }
dependencies = [
    { name = "cffi", marker = "platform_python_implementation != 'PyPy'" },
]
sdist = { url = "https://files.pythonhosted.org/packages/9f/a9/db8f313fdcd85d767d4973515e1db101f9c71f95fced83233de224673757/cryptography-48.0.0.tar.gz", hash = "sha256:5c3932f4436d1cccb036cb0eaef46e6e2db91035166f1ad6505c3c9d5a635920", size = 832984, upload-time = "2026-05-04T22:59:38.133Z" }
wheels = [
    { url = "https://files.pythonhosted.org/packages/df/3d/01f6dd9190170a5a241e0e98c2d04be3664a9e6f5b9b872cde63aff1c3dd/cryptography-48.0.0-cp311-abi3-macosx_10_9_universal2.whl", hash = "sha256:0c558d2cdffd8f4bbb30fc7134c74d2ca9a476f830bb053074498fbc86f41ed6", size = 8001587, upload-time = "2026-05-04T22:57:36.803Z" },
    { url = "https://files.pythonhosted.org/packages/b2/6e/e90527eef33f309beb811cf7c982c3aeffcce8e3edb178baa4ca3ae4a6fa/cryptography-48.0.0-cp311-abi3-manylinux2014_aarch64.manylinux_2_17_aarch64.whl", hash = "sha256:f5333311663ea94f75dd408665686aaf426563556bb5283554a3539177e03b8c", size = 4690433, upload-time = "2026-05-04T22:57:40.373Z" },
    { url = "https://files.pythonhosted.org/packages/90/04/673510ed51ddff56575f306cf1617d80411ee76831ccd3097599140efdfe/cryptography-48.0.0-cp311-abi3-manylinux2014_x86_64.manylinux_2_17_x86_64.whl", hash = "sha256:7995ef305d7165c3f11ae07f2517e5a4f1d5c18da1376a0a9ed496336b69e5f3", size = 4710620, upload-time = "2026-05-04T22:57:42.935Z" },
    { url = "https://files.pythonhosted.org/packages/14/d5/e9c4ef932c8d800490c34d8bd589d64a31d5890e27ec9e9ad532be893294/cryptography-48.0.0-cp311-abi3-manylinux_2_28_aarch64.whl", hash = "sha256:40ba1f85eaa6959837b1d51c9767e230e14612eea4ef110ee8854ada22da1bf5", size = 4696283, upload-time = "2026-05-04T22:57:45.294Z" },
    { url = "https://files.pythonhosted.org/packages/0c/29/174b9dfb60b12d59ecfc6cfa04bc88c21b42a54f01b8aae09bb6e51e4c7f/cryptography-48.0.0-cp311-abi3-manylinux_2_28_ppc64le.whl", hash = "sha256:369a6348999f94bbd53435c894377b20ab95f25a9065c283570e70150d8abc3c", size = 5296573, upload-time = "2026-05-04T22:57:47.933Z" },
    { url = "https://files.pythonhosted.org/packages/95/38/0d29a6fd7d0d1373f0c0c88a04ba20e359b257753ac497564cd660fc1d55/cryptography-48.0.0-cp311-abi3-manylinux_2_28_x86_64.whl", hash = "sha256:a0e692c683f4df67815a2d258b324e66f4738bd7a96a218c826dce4f4bd05d8f", size = 4743677, upload-time = "2026-05-04T22:57:50.067Z" },
    { url = "https://files.pythonhosted.org/packages/30/be/eef653013d5c63b6a490529e0316f9ac14a37602965d4903efed1399f32b/cryptography-48.0.0-cp311-abi3-manylinux_2_31_armv7l.whl", hash = "sha256:18349bbc56f4743c8b12dc32e2bccb2cf83ee8b69a3bba74ef8ae857e26b3d25", size = 4330808, upload-time = "2026-05-04T22:57:52.301Z" },
    { url = "https://files.pythonhosted.org/packages/84/9e/500463e87abb7a0a0f9f256ec21123ecde0a7b5541a15e840ea54551fd81/cryptography-48.0.0-cp311-abi3-manylinux_2_34_aarch64.whl", hash = "sha256:7e8eac43dfca5c4cccc6dad9a80504436fca53bb9bc3100a2386d730fbe6b602", size = 4695941, upload-time = "2026-05-04T22:57:54.603Z" },
    { url = "https://files.pythonhosted.org/packages/e3/dc/7303087450c2ec9e7fbb750e17c2abfbc658f23cbd0e54009509b7cc4091/cryptography-48.0.0-cp311-abi3-manylinux_2_34_ppc64le.whl", hash = "sha256:9ccdac7d40688ecb5a3b4a604b8a88c8002e3442d6c60aead1db2a89a041560c", size = 5252579, upload-time = "2026-05-04T22:57:57.207Z" },
    { url = "https://files.pythonhosted.org/packages/d0/c0/7101d3b7215edcdc90c45da544961fd8ed2d6448f77577460fa75a8443f7/cryptography-48.0.0-cp311-abi3-manylinux_2_34_x86_64.whl", hash = "sha256:bd72e68b06bb1e96913f97dd4901119bc17f39d4586a5adf2d3e47bc2b9d58b5", size = 4743326, upload-time = "2026-05-04T22:57:59.535Z" },
    { url = "https://files.pythonhosted.org/packages/ac/d8/5b833bad13016f562ab9d063d68199a4bd121d18458e439515601d3357ec/cryptography-48.0.0-cp311-abi3-musllinux_1_2_aarch64.whl", hash = "sha256:59baa2cb386c4f0b9905bd6eb4c2a79a69a128408fd31d32ca4d7102d4156321", size = 4826672, upload-time = "2026-05-04T22:58:01.996Z" },
    { url = "https://files.pythonhosted.org/packages/98/e1/7074eb8bf3c135558c73fc2bcf0f5633f912e6fb87e868a55c454080ef09/cryptography-48.0.0-cp311-abi3-musllinux_1_2_x86_64.whl", hash = "sha256:9249e3cd978541d665967ac2cb2787fd6a62bddf1e75b3e347a594d7dacf4f74", size = 4972574, upload-time = "2026-05-04T22:58:03.968Z" },
    { url = "https://files.pythonhosted.org/packages/04/70/e5a1b41d325f797f39427aa44ef8baf0be500065ab6d8e10369d850d4a4f/cryptography-48.0.0-cp311-abi3-win32.whl", hash = "sha256:9c459db21422be75e2809370b829a87eb37f74cd785fc4aa9ea1e5f43b47cda4", size = 3294868, upload-time = "2026-05-04T22:58:06.467Z" },
    { url = "https://files.pythonhosted.org/packages/f4/ac/8ac51b4a5fc5932eb7ee5c517ba7dc8cd834f0048962b6b352f00f41ebf9/cryptography-48.0.0-cp311-abi3-win_amd64.whl", hash = "sha256:5b012212e08b8dd5edc78ef54da83dd9892fd9105323b3993eff6bea65dc21d7", size = 3817107, upload-time = "2026-05-04T22:58:08.845Z" },
    { url = "https://files.pythonhosted.org/packages/f2/63/61d4a4e1c6b6bab6ce1e213cd36a24c415d90e76d78c5eb8577c5541d2e8/cryptography-48.0.0-cp39-abi3-macosx_10_9_universal2.whl", hash = "sha256:58d00498e8933e4a194f3076aee1b4a97dfec1a6da444535755822fe5d8b0b86", size = 7983482, upload-time = "2026-05-04T22:58:43.769Z" },
    { url = "https://files.pythonhosted.org/packages/d5/ac/f5b5995b87770c693e2596559ffafe195b4033a57f14a82268a2842953f3/cryptography-48.0.0-cp39-abi3-manylinux2014_aarch64.manylinux_2_17_aarch64.whl", hash = "sha256:614d0949f4790582d2cc25553abd09dd723025f0c0e7c67376a1d77196743d6e", size = 4683266, upload-time = "2026-05-04T22:58:46.064Z" },
    { url = "https://files.pythonhosted.org/packages/ec/c6/8b14f67e18338fbc4adb76f66c001f5c3610b3e2d1837f268f47a347dbbb/cryptography-48.0.0-cp39-abi3-manylinux2014_x86_64.manylinux_2_17_x86_64.whl", hash = "sha256:7ce4bfae76319a532a2dc68f82cc32f5676ee792a983187dac07183690e5c66f", size = 4696228, upload-time = "2026-05-04T22:58:48.22Z" },
    { url = "https://files.pythonhosted.org/packages/ea/73/f808fbae9514bd91b47875b003f13e284c8c6bdfd904b7944e803937eec1/cryptography-48.0.0-cp39-abi3-manylinux_2_28_aarch64.whl", hash = "sha256:2eb992bbd4661238c5a397594c83f5b4dc2bc5b848c365c8f991b6780efcc5c7", size = 4689097, upload-time = "2026-05-04T22:58:50.9Z" },
    { url = "https://files.pythonhosted.org/packages/93/01/d86632d7d28db8ae83221995752eeb6639ffb374c2d22955648cf8d52797/cryptography-48.0.0-cp39-abi3-manylinux_2_28_ppc64le.whl", hash = "sha256:22a5cb272895dce158b2cacdfdc3debd299019659f42947dbdac6f32d68fe832", size = 5283582, upload-time = "2026-05-04T22:58:53.017Z" },
    { url = "https://files.pythonhosted.org/packages/02/e1/50edc7a50334807cc4791fc4a0ce7468b4a1416d9138eab358bfc9a3d70b/cryptography-48.0.0-cp39-abi3-manylinux_2_28_x86_64.whl", hash = "sha256:2b4d59804e8408e2fea7d1fbaf218e5ec984325221db76e6a241a9abd6cdd95c", size = 4730479, upload-time = "2026-05-04T22:58:55.611Z" },
    { url = "https://files.pythonhosted.org/packages/6f/af/99a582b1b1641ff5911ac559beb45097cf79efd4ead4657f578ef1af2d47/cryptography-48.0.0-cp39-abi3-manylinux_2_31_armv7l.whl", hash = "sha256:984a20b0f62a26f48a3396c72e4bc34c66e356d356bf370053066b3b6d54634a", size = 4326481, upload-time = "2026-05-04T22:58:57.607Z" },
    { url = "https://files.pythonhosted.org/packages/90/ee/89aa26a06ef0a7d7611788ffd571a7c50e368cc6a4d5eef8b4884e866edb/cryptography-48.0.0-cp39-abi3-manylinux_2_34_aarch64.whl", hash = "sha256:5a5ed8fde7a1d09376ca0b40e68cd59c69fe23b1f9768bd5824f54681626032a", size = 4688713, upload-time = "2026-05-04T22:59:00.077Z" },
    { url = "https://files.pythonhosted.org/packages/70/ba/bcb1b0bb7a33d4c7c0c4d4c7874b4a62ae4f56113a5f4baefa362dfb1f0f/cryptography-48.0.0-cp39-abi3-manylinux_2_34_ppc64le.whl", hash = "sha256:8cd666227ef7af430aa5914a9910e0ddd703e75f039cef0825cd0da71b6b711a", size = 5238165, upload-time = "2026-05-04T22:59:02.317Z" },
    { url = "https://files.pythonhosted.org/packages/c9/70/ca4003b1ce5ca3dc3186ada51908c8a9b9ff7d5cab83cc0d43ee14ec144f/cryptography-48.0.0-cp39-abi3-manylinux_2_34_x86_64.whl", hash = "sha256:9071196d81abc88b3516ac8cdfad32e2b66dd4a5393a8e68a961e9161ddc6239", size = 4729947, upload-time = "2026-05-04T22:59:05.255Z" },
    { url = "https://files.pythonhosted.org/packages/44/a0/4ec7cf774207905aef1a8d11c3750d5a1db805eb380ee4e16df317870128/cryptography-48.0.0-cp39-abi3-musllinux_1_2_aarch64.whl", hash = "sha256:1e2d54c8be6152856a36f0882ab231e70f8ec7f14e93cf87db8a2ed056bf160c", size = 4822059, upload-time = "2026-05-04T22:59:07.802Z" },
    { url = "https://files.pythonhosted.org/packages/1e/75/a2e55f99c16fcac7b5d6c1eb19ad8e00799854d6be5ca845f9259eae1681/cryptography-48.0.0-cp39-abi3-musllinux_1_2_x86_64.whl", hash = "sha256:a5da777e32ffed6f85a7b2b3f7c5cbc88c146bfcd0a1d7baf5fcc6c52ee35dd4", size = 4960575, upload-time = "2026-05-04T22:59:09.851Z" },
    { url = "https://files.pythonhosted.org/packages/b8/23/6e6f32143ab5d8b36ca848a502c4bcd477ae75b9e1677e3530d669062578/cryptography-48.0.0-cp39-abi3-win32.whl", hash = "sha256:77a2ccbbe917f6710e05ba9adaa25fb5075620bf3ea6fb751997875aff4ae4bd", size = 3279117, upload-time = "2026-05-04T22:59:12.019Z" },
    { url = "https://files.pythonhosted.org/packages/9d/9a/0fea98a70cf1749d41d738836f6349d97945f7c89433a259a6c2642eefeb/cryptography-48.0.0-cp39-abi3-win_amd64.whl", hash = "sha256:16cd65b9330583e4619939b3a3843eec1e6e789744bb01e7c7e2e62e33c239c8", size = 3792100, upload-time = "2026-05-04T22:59:14.884Z" },
]

[[package]]
name = "ecdsa"
version = "0.19.2"
source = { registry = "https://pypi.org/simple" }
dependencies = [
    { name = "six" },
]
sdist = { url = "https://files.pythonhosted.org/packages/25/ca/8de7744cb3bc966c85430ca2d0fcaeea872507c6a4cf6e007f7fe269ed9d/ecdsa-0.19.2.tar.gz", hash = "sha256:62635b0ac1ca2e027f82122b5b81cb706edc38cd91c63dda28e4f3455a2bf930", size = 202432, upload-time = "2026-03-26T09:58:17.675Z" }
wheels = [
    { url = "https://files.pythonhosted.org/packages/51/79/119091c98e2bf49e24ed9f3ae69f816d715d2904aefa6a2baa039a2ba0b0/ecdsa-0.19.2-py2.py3-none-any.whl", hash = "sha256:840f5dc5e375c68f36c1a7a5b9caad28f95daa65185c9253c0c08dd952bb7399", size = 150818, upload-time = "2026-03-26T09:58:15.808Z" },
]

[[package]]
name = "esptool"
version = "4.5.1"
source = { registry = "https://pypi.org/simple" }
dependencies = [
    { name = "bitstring" },
    { name = "cryptography" },
    { name = "ecdsa" },
    { name = "pyserial" },
    { name = "reedsolo" },
]
sdist = { url = "https://files.pythonhosted.org/packages/04/80/8eb97d1793cfaf830a4c0a7ea1d8f0674ccba8c23b7d02dcce074b5f44ea/esptool-4.5.1.tar.gz", hash = "sha256:e3eb59836123e5ebf793ef639311f7d85645526487d8b1c2b51159b455106b9a", size = 252178, upload-time = "2023-03-01T08:26:27.497Z" }

[[package]]
name = "h11"
version = "0.16.0"
source = { registry = "https://pypi.org/simple" }
sdist = { url = "https://files.pythonhosted.org/packages/01/ee/02a2c011bdab74c6fb3c75474d40b3052059d95df7e73351460c8588d963/h11-0.16.0.tar.gz", hash = "sha256:4e35b956cf45792e4caa5885e69fba00bdbc6ffafbfa020300e549b208ee5ff1", size = 101250, upload-time = "2025-04-24T03:35:25.427Z" }
wheels = [
    { url = "https://files.pythonhosted.org/packages/04/4b/29cac41a4d98d144bf5f6d33995617b185d14b22401f75ca86f384e87ff1/h11-0.16.0-py3-none-any.whl", hash = "sha256:63cf8bbe7522de3bf65932fda1d9c2772064ffb3dae62d55932da54b31cb6c86", size = 37515, upload-time = "2025-04-24T03:35:24.344Z" },
]

[[package]]
name = "idna"
version = "3.16"
source = { registry = "https://pypi.org/simple" }
sdist = { url = "https://files.pythonhosted.org/packages/1a/88/bcf9709822fe69d02c2a6a77956c98ce6ea8ca8767a9aadcedc7eb6a2390/idna-3.16.tar.gz", hash = "sha256:d7a6da03db833450fca25d2358ac9ff06cd624577a4aea3a596d5c0f77b8e03d", size = 203770, upload-time = "2026-05-22T00:16:18.781Z" }
wheels = [
    { url = "https://files.pythonhosted.org/packages/94/16/70255075a9859a0e3adb789b68ceb0e210dec03934245fd98d248226572f/idna-3.16-py3-none-any.whl", hash = "sha256:cc246e3a3f89580c3a951b5ad298ca4638078b2cdd4f115654332b5c26daded5", size = 74165, upload-time = "2026-05-22T00:16:16.698Z" },
]

[[package]]
name = "marshmallow"
version = "3.26.2"
source = { registry = "https://pypi.org/simple" }
dependencies = [
    { name = "packaging" },
]
sdist = { url = "https://files.pythonhosted.org/packages/55/79/de6c16cc902f4fc372236926b0ce2ab7845268dcc30fb2fbb7f71b418631/marshmallow-3.26.2.tar.gz", hash = "sha256:bbe2adb5a03e6e3571b573f42527c6fe926e17467833660bebd11593ab8dfd57", size = 222095, upload-time = "2025-12-22T06:53:53.309Z" }
wheels = [
    { url = "https://files.pythonhosted.org/packages/be/2f/5108cb3ee4ba6501748c4908b908e55f42a5b66245b4cfe0c99326e1ef6e/marshmallow-3.26.2-py3-none-any.whl", hash = "sha256:013fa8a3c4c276c24d26d84ce934dc964e2aa794345a0f8c7e5a7191482c8a73", size = 50964, upload-time = "2025-12-22T06:53:51.801Z" },
]

[[package]]
name = "packaging"
version = "26.2"
source = { registry = "https://pypi.org/simple" }
sdist = { url = "https://files.pythonhosted.org/packages/d7/f1/e7a6dd94a8d4a5626c03e4e99c87f241ba9e350cd9e6d75123f992427270/packaging-26.2.tar.gz", hash = "sha256:ff452ff5a3e828ce110190feff1178bb1f2ea2281fa2075aadb987c2fb221661", size = 228134, upload-time = "2026-04-24T20:15:23.917Z" }
wheels = [
    { url = "https://files.pythonhosted.org/packages/df/b2/87e62e8c3e2f4b32e5fe99e0b86d576da1312593b39f47d8ceef365e95ed/packaging-26.2-py3-none-any.whl", hash = "sha256:5fc45236b9446107ff2415ce77c807cee2862cb6fac22b8a73826d0693b0980e", size = 100195, upload-time = "2026-04-24T20:15:22.081Z" },
]

[[package]]
name = "platformio"
version = "6.1.19"
source = { registry = "https://pypi.org/simple" }
dependencies = [
    { name = "ajsonrpc" },
    { name = "bottle" },
    { name = "chardet", marker = "'arm' in platform_machine and sys_platform == 'darwin'" },
    { name = "click" },
    { name = "colorama" },
    { name = "marshmallow" },
    { name = "pyelftools" },
    { name = "pyserial" },
    { name = "requests" },
    { name = "semantic-version" },
    { name = "starlette" },
    { name = "tabulate" },
    { name = "uvicorn" },
    { name = "wsproto" },
]
sdist = { url = "https://files.pythonhosted.org/packages/3d/a8/e5a87ead3e0c25c054fa9dbfcc5e3ad3bca5b830f691fea820ca618fcc3e/platformio-6.1.19.tar.gz", hash = "sha256:7b53eaa36fcba554411b669eab845626da7c4b90fa6aaee9fe9f1875d82f5f54", size = 240844, upload-time = "2026-02-04T13:40:59.523Z" }
wheels = [
    { url = "https://files.pythonhosted.org/packages/cf/15/ecb78457241aef59977cafe52b521ed99c7f42e78016d55bbaa953a2b6ae/platformio-6.1.19-py3-none-any.whl", hash = "sha256:4f93b00cf2759035d76ebece4840a3274096f7343ee5bba56cbc0bc3ce2eb6f5", size = 421133, upload-time = "2026-02-04T13:40:56.306Z" },
]

[[package]]
name = "pycparser"
version = "3.0"
source = { registry = "https://pypi.org/simple" }
sdist = { url = "https://files.pythonhosted.org/packages/1b/7d/92392ff7815c21062bea51aa7b87d45576f649f16458d78b7cf94b9ab2e6/pycparser-3.0.tar.gz", hash = "sha256:600f49d217304a5902ac3c37e1281c9fe94e4d0489de643a9504c5cdfdfc6b29", size = 103492, upload-time = "2026-01-21T14:26:51.89Z" }
wheels = [
    { url = "https://files.pythonhosted.org/packages/0c/c3/44f3fbbfa403ea2a7c779186dc20772604442dde72947e7d01069cbe98e3/pycparser-3.0-py3-none-any.whl", hash = "sha256:b727414169a36b7d524c1c3e31839a521725078d7b2ff038656844266160a992", size = 48172, upload-time = "2026-01-21T14:26:50.693Z" },
]

[[package]]
name = "pyelftools"
version = "0.32"
source = { registry = "https://pypi.org/simple" }
sdist = { url = "https://files.pythonhosted.org/packages/b9/ab/33968940b2deb3d92f5b146bc6d4009a5f95d1d06c148ea2f9ee965071af/pyelftools-0.32.tar.gz", hash = "sha256:6de90ee7b8263e740c8715a925382d4099b354f29ac48ea40d840cf7aa14ace5", size = 15047199, upload-time = "2025-02-19T14:20:05.549Z" }
wheels = [
    { url = "https://files.pythonhosted.org/packages/af/43/700932c4f0638c3421177144a2e86448c0d75dbaee2c7936bda3f9fd0878/pyelftools-0.32-py3-none-any.whl", hash = "sha256:013df952a006db5e138b1edf6d8a68ecc50630adbd0d83a2d41e7f846163d738", size = 188525, upload-time = "2025-02-19T14:19:59.919Z" },
]

[[package]]
name = "pyserial"
version = "3.5"
source = { registry = "https://pypi.org/simple" }
sdist = { url = "https://files.pythonhosted.org/packages/1e/7d/ae3f0a63f41e4d2f6cb66a5b57197850f919f59e558159a4dd3a818f5082/pyserial-3.5.tar.gz", hash = "sha256:3c77e014170dfffbd816e6ffc205e9842efb10be9f58ec16d3e8675b4925cddb", size = 159125, upload-time = "2020-11-23T03:59:15.045Z" }
wheels = [
    { url = "https://files.pythonhosted.org/packages/07/bc/587a445451b253b285629263eb51c2d8e9bcea4fc97826266d186f96f558/pyserial-3.5-py2.py3-none-any.whl", hash = "sha256:c4451db6ba391ca6ca299fb3ec7bae67a5c55dde170964c7a14ceefec02f2cf0", size = 90585, upload-time = "2020-11-23T03:59:13.41Z" },
]

[[package]]
name = "ratdeck-dev"
version = "0.0.0"
source = { virtual = "." }
dependencies = [
    { name = "esptool" },
    { name = "platformio" },
]

[package.dev-dependencies]
dev = [
    { name = "esptool" },
]

[package.metadata]
requires-dist = [
    { name = "esptool", specifier = "==4.5.1" },
    { name = "platformio", specifier = "==6.1.19" },
]

[package.metadata.requires-dev]
dev = [{ name = "esptool", specifier = ">=4.5.1" }]

[[package]]
name = "reedsolo"
version = "1.6.0"
source = { registry = "https://pypi.org/simple" }
sdist = { url = "https://files.pythonhosted.org/packages/9b/10/28d1492cc82a103bc06f18cb9a9dbb3a9168ab2e4068801fa0aa0c76b231/reedsolo-1.6.0.tar.gz", hash = "sha256:4e290d3b0a7207ac7aac186790766c752b5fcdf5e0b04dfd260349579052bbac", size = 278604, upload-time = "2022-12-09T00:57:43.329Z" }

[[package]]
name = "requests"
version = "2.34.2"
source = { registry = "https://pypi.org/simple" }
dependencies = [
    { name = "certifi" },
    { name = "charset-normalizer" },
    { name = "idna" },
    { name = "urllib3" },
]
sdist = { url = "https://files.pythonhosted.org/packages/ac/c3/e2a2b89f2d3e2179abd6d00ebd70bff6273f37fb3e0cc209f48b39d00cbf/requests-2.34.2.tar.gz", hash = "sha256:f288924cae4e29463698d6d60bc6a4da69c89185ad1e0bcc4104f584e960b9ed", size = 142856, upload-time = "2026-05-14T19:25:27.735Z" }
wheels = [
    { url = "https://files.pythonhosted.org/packages/a0/f4/c67b0b3f1b9245e8d266f0f112c500d50e5b4e83cb6f3b71b6528104182a/requests-2.34.2-py3-none-any.whl", hash = "sha256:2a0d60c172f83ac6ab31e4554906c0f3b3588d37b5cb939b1c061f4907e278e0", size = 73075, upload-time = "2026-05-14T19:25:26.443Z" },
]

[[package]]
name = "semantic-version"
version = "2.10.0"
source = { registry = "https://pypi.org/simple" }
sdist = { url = "https://files.pythonhosted.org/packages/7d/31/f2289ce78b9b473d582568c234e104d2a342fd658cc288a7553d83bb8595/semantic_version-2.10.0.tar.gz", hash = "sha256:bdabb6d336998cbb378d4b9db3a4b56a1e3235701dc05ea2690d9a997ed5041c", size = 52289, upload-time = "2022-05-26T13:35:23.454Z" }
wheels = [
    { url = "https://files.pythonhosted.org/packages/6a/23/8146aad7d88f4fcb3a6218f41a60f6c2d4e3a72de72da1825dc7c8f7877c/semantic_version-2.10.0-py2.py3-none-any.whl", hash = "sha256:de78a3b8e0feda74cabc54aab2da702113e33ac9d9eb9d2389bcf1f58b7d9177", size = 15552, upload-time = "2022-05-26T13:35:21.206Z" },
]

[[package]]
name = "six"
version = "1.17.0"
source = { registry = "https://pypi.org/simple" }
sdist = { url = "https://files.pythonhosted.org/packages/94/e7/b2c673351809dca68a0e064b6af791aa332cf192da575fd474ed7d6f16a2/six-1.17.0.tar.gz", hash = "sha256:ff70335d468e7eb6ec65b95b99d3a2836546063f63acc5171de367e834932a81", size = 34031, upload-time = "2024-12-04T17:35:28.174Z" }
wheels = [
    { url = "https://files.pythonhosted.org/packages/b7/ce/149a00dd41f10bc29e5921b496af8b574d8413afcd5e30dfa0ed46c2cc5e/six-1.17.0-py2.py3-none-any.whl", hash = "sha256:4721f391ed90541fddacab5acf947aa0d3dc7d27b2e1e8eda2be8970586c3274", size = 11050, upload-time = "2024-12-04T17:35:26.475Z" },
]

[[package]]
name = "starlette"
version = "0.52.1"
source = { registry = "https://pypi.org/simple" }
dependencies = [
    { name = "anyio" },
]
sdist = { url = "https://files.pythonhosted.org/packages/c4/68/79977123bb7be889ad680d79a40f339082c1978b5cfcf62c2d8d196873ac/starlette-0.52.1.tar.gz", hash = "sha256:834edd1b0a23167694292e94f597773bc3f89f362be6effee198165a35d62933", size = 2653702, upload-time = "2026-01-18T13:34:11.062Z" }
wheels = [
    { url = "https://files.pythonhosted.org/packages/81/0d/13d1d239a25cbfb19e740db83143e95c772a1fe10202dda4b76792b114dd/starlette-0.52.1-py3-none-any.whl", hash = "sha256:0029d43eb3d273bc4f83a08720b4912ea4b071087a3b48db01b7c839f7954d74", size = 74272, upload-time = "2026-01-18T13:34:09.188Z" },
]

[[package]]
name = "tabulate"
version = "0.10.0"
source = { registry = "https://pypi.org/simple" }
sdist = { url = "https://files.pythonhosted.org/packages/46/58/8c37dea7bbf769b20d58e7ace7e5edfe65b849442b00ffcdd56be88697c6/tabulate-0.10.0.tar.gz", hash = "sha256:e2cfde8f79420f6deeffdeda9aaec3b6bc5abce947655d17ac662b126e48a60d", size = 91754, upload-time = "2026-03-04T18:55:34.402Z" }
wheels = [
    { url = "https://files.pythonhosted.org/packages/99/55/db07de81b5c630da5cbf5c7df646580ca26dfaefa593667fc6f2fe016d2e/tabulate-0.10.0-py3-none-any.whl", hash = "sha256:f0b0622e567335c8fabaaa659f1b33bcb6ddfe2e496071b743aa113f8774f2d3", size = 39814, upload-time = "2026-03-04T18:55:31.284Z" },
]

[[package]]
name = "tibs"
version = "0.5.7"
source = { registry = "https://pypi.org/simple" }
sdist = { url = "https://files.pythonhosted.org/packages/57/cd/6cf028decf1c2df4d26077dd5d0532587d93d4917233d5e004133166a940/tibs-0.5.7.tar.gz", hash = "sha256:173dfbecb2309edd9771f453580c88cf251e775613461566b23dbd756b3d54cb", size = 78255, upload-time = "2026-03-12T13:06:29.79Z" }
wheels = [
    { url = "https://files.pythonhosted.org/packages/12/2d/de2c579d3eea0f18212b5b16decb04568b7a0ef912d00581a77492609d4e/tibs-0.5.7-cp38-abi3-macosx_10_12_x86_64.whl", hash = "sha256:859f05315ffb307d3474c505d694f3a547f00730a024c982f5f60316a5505b3c", size = 411352, upload-time = "2026-03-12T13:06:52.016Z" },
    { url = "https://files.pythonhosted.org/packages/74/71/4c21ccc5c2e1672f9cd91ed2c46604c250cffd9d386113772dded128b5cf/tibs-0.5.7-cp38-abi3-macosx_11_0_arm64.whl", hash = "sha256:a883ca13a922a66b2c1326a9c188123a574741a72510a4bf52fd6f97db191e44", size = 383971, upload-time = "2026-03-12T13:06:50.143Z" },
    { url = "https://files.pythonhosted.org/packages/38/85/399940ac5393772792a209911a5efa42cf55cf621771e48b863211ac5a2a/tibs-0.5.7-cp38-abi3-manylinux_2_17_aarch64.manylinux2014_aarch64.whl", hash = "sha256:f70bd250769381c73110d6f24feaf8b6fcd44f680b3cb28a20ea06db3d04fb6f", size = 416256, upload-time = "2026-03-12T13:06:24.222Z" },
    { url = "https://files.pythonhosted.org/packages/02/94/481a73e74d398949f57d297b1809a10a951d252e7ec94b6715ed952ce500/tibs-0.5.7-cp38-abi3-manylinux_2_17_armv7l.manylinux2014_armv7l.whl", hash = "sha256:76746f01b3db9dbd802f5e615f11f68df7a29ecef521b082dca53f3fa7d0084f", size = 428003, upload-time = "2026-03-12T13:06:23.064Z" },
    { url = "https://files.pythonhosted.org/packages/9b/e0/72db1760a7f7fec1d5f3690e0855fbbccbcf0a4a2fd318c9d71f3b33f3a7/tibs-0.5.7-cp38-abi3-manylinux_2_17_ppc64le.manylinux2014_ppc64le.whl", hash = "sha256:847709c108800ad6a45efaf9a040628278956938a4897f7427a2587013dc3b98", size = 455589, upload-time = "2026-03-12T13:06:53.144Z" },
    { url = "https://files.pythonhosted.org/packages/3e/26/9cd3395914bf705d6ae1e9a6c323f727e9dc88fef716327ce7f486e0b55a/tibs-0.5.7-cp38-abi3-manylinux_2_17_s390x.manylinux2014_s390x.whl", hash = "sha256:ad61df93b50f875b277ab736c5d37b6bce56f9abce489a22f4e02d9daa2966e3", size = 459266, upload-time = "2026-03-12T13:06:21.678Z" },
    { url = "https://files.pythonhosted.org/packages/e9/3b/267f19a008d13c704dc0b044138a56239272a43531ccb05464129d0fbd01/tibs-0.5.7-cp38-abi3-manylinux_2_17_x86_64.manylinux2014_x86_64.whl", hash = "sha256:e13b9c7ff2604b0146772025e1ac6f85c8c625bf6ac73736ff671eaf357dda41", size = 423466, upload-time = "2026-03-12T13:06:41.212Z" },
    { url = "https://files.pythonhosted.org/packages/e5/d4/424ae3515e0e013ad83186074bf3beb53399b9052c00da703415ccc316ca/tibs-0.5.7-cp38-abi3-manylinux_2_5_i686.manylinux1_i686.whl", hash = "sha256:0a7ce857ef05c59dc61abadc31c4b9b1e3c62f9e5fb29217988c308936aea71e", size = 452080, upload-time = "2026-03-12T13:06:32.112Z" },
    { url = "https://files.pythonhosted.org/packages/b0/15/ab80beba83a134745439d33763e1d3b017f994abeb9c309a3ac9fd94e90e/tibs-0.5.7-cp38-abi3-musllinux_1_2_aarch64.whl", hash = "sha256:1d5521cc6768bfa6282a0c591ba06b079ab91b5c7d5696925ad2abac59779a54", size = 592311, upload-time = "2026-03-12T13:06:47.807Z" },
    { url = "https://files.pythonhosted.org/packages/4c/21/f5cf41c15431e63aeaefb494e714d48d9e9061b4e01fcc01d1987e2e5faa/tibs-0.5.7-cp38-abi3-musllinux_1_2_armv7l.whl", hash = "sha256:477608f9b87e24a22ab6d50b81da04a5cb59bfa49598ff7ec5165035a18fb392", size = 703400, upload-time = "2026-03-12T13:06:16.968Z" },
    { url = "https://files.pythonhosted.org/packages/4e/ec/b3bdb7dcc3de8513c5678a685f4e25bb85ef48526d7d535ddc592f9e8602/tibs-0.5.7-cp38-abi3-musllinux_1_2_i686.whl", hash = "sha256:ac0aa2aae38f7325c91c261ce1d18f769c4c7033c98d6ea3ea5534585cf16452", size = 664623, upload-time = "2026-03-12T13:06:48.894Z" },
    { url = "https://files.pythonhosted.org/packages/a4/71/7b85af3ad1b2cd9871c8f50ba0eb17e54e12481b467678535e58aced0d98/tibs-0.5.7-cp38-abi3-musllinux_1_2_x86_64.whl", hash = "sha256:1b56583db148e5094d781c3d746815dbcbb6378c6f813c8ce291efd4ab21da8b", size = 635199, upload-time = "2026-03-12T13:06:34.798Z" },
    { url = "https://files.pythonhosted.org/packages/b9/63/60220fb502beb857306afd4a5bac4a8617ae496f3b1f4968d127380fdefe/tibs-0.5.7-cp38-abi3-win32.whl", hash = "sha256:d4f3ff613d486650816bc5516760c0382a2cc0ca8aeddd8914d011bc3b81d9a2", size = 288454, upload-time = "2026-03-12T13:06:30.978Z" },
    { url = "https://files.pythonhosted.org/packages/46/ab/aab78827ba7e0d65fe346b86d1d61e0792c38d5f9b7547e0f71b7027c835/tibs-0.5.7-cp38-abi3-win_amd64.whl", hash = "sha256:a61d36155f8ab8642e1b6744e13822f72050fc7ec4f86ec6965295afa04949e2", size = 304135, upload-time = "2026-03-12T13:06:35.884Z" },
    { url = "https://files.pythonhosted.org/packages/48/59/e9e6a610928a4bcbf04f0ac1436ee320aa8cbe95181f1aa32687c50e858b/tibs-0.5.7-cp38-abi3-win_arm64.whl", hash = "sha256:130bc68ff500fc8185677df7a97350b5d5339e6ba7e325bc3031337f6424ede7", size = 289272, upload-time = "2026-03-12T13:06:19.247Z" },
]

[[package]]
name = "urllib3"
version = "2.7.0"
source = { registry = "https://pypi.org/simple" }
sdist = { url = "https://files.pythonhosted.org/packages/53/0c/06f8b233b8fd13b9e5ee11424ef85419ba0d8ba0b3138bf360be2ff56953/urllib3-2.7.0.tar.gz", hash = "sha256:231e0ec3b63ceb14667c67be60f2f2c40a518cb38b03af60abc813da26505f4c", size = 433602, upload-time = "2026-05-07T16:13:18.596Z" }
wheels = [
    { url = "https://files.pythonhosted.org/packages/7f/3e/5db95bcf282c52709639744ca2a8b149baccf648e39c8cc87553df9eae0c/urllib3-2.7.0-py3-none-any.whl", hash = "sha256:9fb4c81ebbb1ce9531cce37674bbc6f1360472bc18ca9a553ede278ef7276897", size = 131087, upload-time = "2026-05-07T16:13:17.151Z" },
]

[[package]]
name = "uvicorn"
version = "0.40.0"
source = { registry = "https://pypi.org/simple" }
dependencies = [
    { name = "click" },
    { name = "h11" },
]
sdist = { url = "https://files.pythonhosted.org/packages/c3/d1/8f3c683c9561a4e6689dd3b1d345c815f10f86acd044ee1fb9a4dcd0b8c5/uvicorn-0.40.0.tar.gz", hash = "sha256:839676675e87e73694518b5574fd0f24c9d97b46bea16df7b8c05ea1a51071ea", size = 81761, upload-time = "2025-12-21T14:16:22.45Z" }
wheels = [
    { url = "https://files.pythonhosted.org/packages/3d/d8/2083a1daa7439a66f3a48589a57d576aa117726762618f6bb09fe3798796/uvicorn-0.40.0-py3-none-any.whl", hash = "sha256:c6c8f55bc8bf13eb6fa9ff87ad62308bbbc33d0b67f84293151efe87e0d5f2ee", size = 68502, upload-time = "2025-12-21T14:16:21.041Z" },
]

[[package]]
name = "wsproto"
version = "1.3.2"
source = { registry = "https://pypi.org/simple" }
dependencies = [
    { name = "h11" },
]
sdist = { url = "https://files.pythonhosted.org/packages/c7/79/12135bdf8b9c9367b8701c2c19a14c913c120b882d50b014ca0d38083c2c/wsproto-1.3.2.tar.gz", hash = "sha256:b86885dcf294e15204919950f666e06ffc6c7c114ca900b060d6e16293528294", size = 50116, upload-time = "2025-11-20T18:18:01.871Z" }
wheels = [
    { url = "https://files.pythonhosted.org/packages/a4/f5/10b68b7b1544245097b2a1b8238f66f2fc6dcaeb24ba5d917f52bd2eed4f/wsproto-1.3.2-py3-none-any.whl", hash = "sha256:61eea322cdf56e8cc904bd3ad7573359a242ba65688716b0710a5eb12beab584", size = 24405, upload-time = "2025-11-20T18:18:00.454Z" },
]
